
Microsoft Visual Studio Solution File, Format Version 12.00
# Visual Studio Version 17
VisualStudioVersion = 17.7.34009.444
MinimumVisualStudioVersion = 10.0.40219.1
Project("{9A19103F-16F7-4668-BE54-9A1E7A4F7556}") = "BlazorServer", "BlazorServer\BlazorServer.csproj", "{1E525A2E-CE2B-499D-9268-370F47858DFE}"
EndProject
Global
	GlobalSection(SolutionConfigurationPlatforms) = preSolution
		Debug|Any CPU = Debug|Any CPU
		Release|Any CPU = Release|Any CPU
	EndGlobalSection
	GlobalSection(ProjectConfigurationPlatforms) = postSolution
		{1E525A2E-CE2B-499D-9268-370F47858DFE}.Debug|Any CPU.ActiveCfg = Debug|Any CPU
		{1E525A2E-CE2B-499D-9268-370F47858DFE}.Debug|Any CPU.Build.0 = Debug|Any CPU
		{1E525A2E-CE2B-499D-9268-370F47858DFE}.Release|Any CPU.ActiveCfg = Release|Any CPU
		{1E525A2E-CE2B-499D-9268-370F47858DFE}.Release|Any CPU.Build.0 = Release|Any CPU
	EndGlobalSection
	GlobalSection(SolutionProperties) = preSolution
		HideSolutionNode = FALSE
	EndGlobalSection
	GlobalSection(ExtensibilityGlobals) = postSolution
		SolutionGuid = {6D3D42D2-160C-44E9-88F9-6B39DBDCC580}
	EndGlobalSection
EndGlobal
